
Microsoft Visual Studio Solution File, Format Version 12.00
# Visual Studio 15
Project("{FAE04EC0-301F-11D3-BF4B-00C04F79EFBC}") = "OctoPass", "OctoPass.csproj", "{9B168BA7-8087-6201-A3C6-7575642ECC45}"
EndProject
Global
	GlobalSection(SolutionConfigurationPlatforms) = preSolution
		Debug|Any CPU = Debug|Any CPU
		Release|Any CPU = Release|Any CPU
	EndGlobalSection
	GlobalSection(ProjectConfigurationPlatforms) = postSolution
		{9B168BA7-8087-6201-A3C6-7575642ECC45}.Debug|Any CPU.ActiveCfg = Debug|Any CPU
		{9B168BA7-8087-6201-A3C6-7575642ECC45}.Debug|Any CPU.Build.0 = Debug|Any CPU
		{9B168BA7-8087-6201-A3C6-7575642ECC45}.Release|Any CPU.ActiveCfg = Release|Any CPU
		{9B168BA7-8087-6201-A3C6-7575642ECC45}.Release|Any CPU.Build.0 = Release|Any CPU
	EndGlobalSection
	GlobalSection(SolutionProperties) = preSolution
		HideSolutionNode = FALSE
	EndGlobalSection
EndGlobal
